
Microsoft Visual Studio Solution File, Format Version 12.00
# Visual Studio Version 16
VisualStudioVersion = 16.0.30717.126
MinimumVisualStudioVersion = 10.0.40219.1
Project("{FAE04EC0-301F-11D3-BF4B-00C04F79EFBC}") = "Library", "Library\Library.csproj", "{81917BF1-A6AC-4D7A-BB9B-D36BB48BADAD}"
EndProject
Project("{FAE04EC0-301F-11D3-BF4B-00C04F79EFBC}") = "Tests", "Tests\Tests.csproj", "{BEA28BCA-40AB-496A-BF0F-804EB7644D78}"
EndProject
Global
	GlobalSection(SolutionConfigurationPlatforms) = preSolution
		Debug|Any CPU = Debug|Any CPU
		Release|Any CPU = Release|Any CPU
	EndGlobalSection
	GlobalSection(ProjectConfigurationPlatforms) = postSolution
		{81917BF1-A6AC-4D7A-BB9B-D36BB48BADAD}.Debug|Any CPU.ActiveCfg = Debug|Any CPU
		{81917BF1-A6AC-4D7A-BB9B-D36BB48BADAD}.Debug|Any CPU.Build.0 = Debug|Any CPU
		{81917BF1-A6AC-4D7A-BB9B-D36BB48BADAD}.Release|Any CPU.ActiveCfg = Release|Any CPU
		{81917BF1-A6AC-4D7A-BB9B-D36BB48BADAD}.Release|Any CPU.Build.0 = Release|Any CPU
		{BEA28BCA-40AB-496A-BF0F-804EB7644D78}.Debug|Any CPU.ActiveCfg = Debug|Any CPU
		{BEA28BCA-40AB-496A-BF0F-804EB7644D78}.Debug|Any CPU.Build.0 = Debug|Any CPU
		{BEA28BCA-40AB-496A-BF0F-804EB7644D78}.Release|Any CPU.ActiveCfg = Release|Any CPU
		{BEA28BCA-40AB-496A-BF0F-804EB7644D78}.Release|Any CPU.Build.0 = Release|Any CPU
	EndGlobalSection
	GlobalSection(SolutionProperties) = preSolution
		HideSolutionNode = FALSE
	EndGlobalSection
	GlobalSection(ExtensibilityGlobals) = postSolution
		SolutionGuid = {52A34C02-1AA9-4268-BEDF-377D04AFE2EB}
	EndGlobalSection
EndGlobal
